NeoBundleLock The-NERD-Commenter 49ad4597dd8ed8ecb210ba9cbc9f42a5f47adb35
NeoBundleLock VimClojure 2a17c249571395a7f45523d38cac6a9326ecf8f1
NeoBundleLock lightline.vim b6a43c0ec3d2236d950abfb5e94476f11a25ab0b
NeoBundleLock neobundle.vim 673be4ea1a6c77f5815ffe0738ef12b89f64f66e
NeoBundleLock neocomplete-rsense.vim a8b7460a41eb96aa1c9e49b231dd95e216c8dc2d
NeoBundleLock neocomplete.vim 4cf290ec3202ad5cda6e4a15b0106f1c2feb2927
NeoBundleLock rsense 2952a54972cf927d5419085d1867b65ff7ab0d41
NeoBundleLock syntastic d445e18fe10a4e06c25ff396a4e9d57a3bc20032
NeoBundleLock vim-coffee-script 32fe889b8cafd3a4921ef8e6485156453ff58c42
NeoBundleLock vim-indent-guides 49bde6fa30648345ffabfe55b3a095a293568a2e
NeoBundleLock vim-surround 2d05440ad23f97a7874ebd9b5de3a0e65d25d85c
NeoBundleLock vimproc 6cde85b6944bef2afb4f13d9d671da92ae9de62e
NeoBundleLock vimproc.vim 6cde85b6944bef2afb4f13d9d671da92ae9de62e
NeoBundleLock vimshell d456bc3f8c8ad3466d8e6cd3347ab51dcebc0324
